
Microsoft Visual Studio Solution File, Format Version 12.00
# Visual Studio 15
VisualStudioVersion = 15.0.28307.852
MinimumVisualStudioVersion = 10.0.40219.1
Project("{9A19103F-16F7-4668-BE54-9A1E7A4F7556}") = "NetCoreFlixWEBUI", "NetCoreFlixWEBUI\NetCoreFlixWEBUI.csproj", "{30D385B4-D647-4DEE-BD95-1D7F8CCFD54B}"
EndProject
Global
	GlobalSection(SolutionConfigurationPlatforms) = preSolution
		Debug|Any CPU = Debug|Any CPU
		Release|Any CPU = Release|Any CPU
	EndGlobalSection
	GlobalSection(ProjectConfigurationPlatforms) = postSolution
		{30D385B4-D647-4DEE-BD95-1D7F8CCFD54B}.Debug|Any CPU.ActiveCfg = Debug|Any CPU
		{30D385B4-D647-4DEE-BD95-1D7F8CCFD54B}.Debug|Any CPU.Build.0 = Debug|Any CPU
		{30D385B4-D647-4DEE-BD95-1D7F8CCFD54B}.Release|Any CPU.ActiveCfg = Release|Any CPU
		{30D385B4-D647-4DEE-BD95-1D7F8CCFD54B}.Release|Any CPU.Build.0 = Release|Any CPU
	EndGlobalSection
	GlobalSection(SolutionProperties) = preSolution
		HideSolutionNode = FALSE
	EndGlobalSection
	GlobalSection(ExtensibilityGlobals) = postSolution
		SolutionGuid = {92208935-2F81-43A0-BB9D-091FF8805C13}
	EndGlobalSection
EndGlobal
